
Microsoft Visual Studio Solution File, Format Version 12.00
# Visual Studio Version 16
VisualStudioVersion = 16.0.810.1
MinimumVisualStudioVersion = 10.0.40219.1
Project("{FAE04EC0-301F-11D3-BF4B-00C04F79EFBC}") = "ComparisonTechMessageApi", "ComparisonTechMessageApi\ComparisonTechMessageApi.csproj", "{639C6B05-486B-45C5-A268-048C5DA32622}"
EndProject
Project("{2150E333-8FDC-42A3-9474-1A3956D46DE8}") = "Core", "Core", "{783CD0F5-D085-4BAE-95C8-DE3C7E1B1F79}"
EndProject
Project("{FAE04EC0-301F-11D3-BF4B-00C04F79EFBC}") = "Core.Entities", "Core.Entities\Core.Entities.csproj", "{B946EED3-7481-4F35-8512-C55A27CD83F1}"
EndProject
Project("{FAE04EC0-301F-11D3-BF4B-00C04F79EFBC}") = "Core.Interfaces", "Core.Interfaces\Core.Interfaces.csproj", "{19928E40-802F-4565-99CC-E9783C90B25C}"
EndProject
Project("{2150E333-8FDC-42A3-9474-1A3956D46DE8}") = "Infrastructure", "Infrastructure", "{76813380-9994-4591-9112-A1A5C2461883}"
EndProject
Project("{FAE04EC0-301F-11D3-BF4B-00C04F79EFBC}") = "Infrastructure.Repositories", "Infrastructure.Repositories\Infrastructure.Repositories.csproj", "{C41CF3E9-6C28-46BA-A161-E6AC43EB55A1}"
EndProject
Project("{FAE04EC0-301F-11D3-BF4B-00C04F79EFBC}") = "Core.Services", "Core.Services\Core.Services.csproj", "{747CD29D-6FD3-4F46-9545-1B14A0EDF96C}"
EndProject
Global
	GlobalSection(SolutionConfigurationPlatforms) = preSolution
		Debug|Any CPU = Debug|Any CPU
		Release|Any CPU = Release|Any CPU
	EndGlobalSection
	GlobalSection(ProjectConfigurationPlatforms) = postSolution
		{639C6B05-486B-45C5-A268-048C5DA32622}.Debug|Any CPU.ActiveCfg = Debug|Any CPU
		{639C6B05-486B-45C5-A268-048C5DA32622}.Debug|Any CPU.Build.0 = Debug|Any CPU
		{639C6B05-486B-45C5-A268-048C5DA32622}.Release|Any CPU.ActiveCfg = Release|Any CPU
		{639C6B05-486B-45C5-A268-048C5DA32622}.Release|Any CPU.Build.0 = Release|Any CPU
		{B946EED3-7481-4F35-8512-C55A27CD83F1}.Debug|Any CPU.ActiveCfg = Debug|Any CPU
		{B946EED3-7481-4F35-8512-C55A27CD83F1}.Debug|Any CPU.Build.0 = Debug|Any CPU
		{B946EED3-7481-4F35-8512-C55A27CD83F1}.Release|Any CPU.ActiveCfg = Release|Any CPU
		{B946EED3-7481-4F35-8512-C55A27CD83F1}.Release|Any CPU.Build.0 = Release|Any CPU
		{19928E40-802F-4565-99CC-E9783C90B25C}.Debug|Any CPU.ActiveCfg = Debug|Any CPU
		{19928E40-802F-4565-99CC-E9783C90B25C}.Debug|Any CPU.Build.0 = Debug|Any CPU
		{19928E40-802F-4565-99CC-E9783C90B25C}.Release|Any CPU.ActiveCfg = Release|Any CPU
		{19928E40-802F-4565-99CC-E9783C90B25C}.Release|Any CPU.Build.0 = Release|Any CPU
		{C41CF3E9-6C28-46BA-A161-E6AC43EB55A1}.Debug|Any CPU.ActiveCfg = Debug|Any CPU
		{C41CF3E9-6C28-46BA-A161-E6AC43EB55A1}.Debug|Any CPU.Build.0 = Debug|Any CPU
		{C41CF3E9-6C28-46BA-A161-E6AC43EB55A1}.Release|Any CPU.ActiveCfg = Release|Any CPU
		{C41CF3E9-6C28-46BA-A161-E6AC43EB55A1}.Release|Any CPU.Build.0 = Release|Any CPU
		{747CD29D-6FD3-4F46-9545-1B14A0EDF96C}.Debug|Any CPU.ActiveCfg = Debug|Any CPU
		{747CD29D-6FD3-4F46-9545-1B14A0EDF96C}.Debug|Any CPU.Build.0 = Debug|Any CPU
		{747CD29D-6FD3-4F46-9545-1B14A0EDF96C}.Release|Any CPU.ActiveCfg = Release|Any CPU
		{747CD29D-6FD3-4F46-9545-1B14A0EDF96C}.Release|Any CPU.Build.0 = Release|Any CPU
	EndGlobalSection
	GlobalSection(SolutionProperties) = preSolution
		HideSolutionNode = FALSE
	EndGlobalSection
	GlobalSection(ExtensibilityGlobals) = postSolution
		SolutionGuid = {64D71562-89DB-4FB2-ABB6-4D6FEE8FDAF7}
	EndGlobalSection
	GlobalSection(NestedProjects) = preSolution
		{B946EED3-7481-4F35-8512-C55A27CD83F1} = {783CD0F5-D085-4BAE-95C8-DE3C7E1B1F79}
		{19928E40-802F-4565-99CC-E9783C90B25C} = {783CD0F5-D085-4BAE-95C8-DE3C7E1B1F79}
		{C41CF3E9-6C28-46BA-A161-E6AC43EB55A1} = {76813380-9994-4591-9112-A1A5C2461883}
		{747CD29D-6FD3-4F46-9545-1B14A0EDF96C} = {783CD0F5-D085-4BAE-95C8-DE3C7E1B1F79}
	EndGlobalSection
EndGlobal
